
Microsoft Visual Studio Solution File, Format Version 12.00
# Visual Studio 15
VisualStudioVersion = 15.0.28010.2041
MinimumVisualStudioVersion = 10.0.40219.1
Project("{9A19103F-16F7-4668-BE54-9A1E7A4F7556}") = "NHibernate.NETCore.Demo", "NHibernate.NETCore.Demo\NHibernate.NETCore.Demo.csproj", "{AFC7ECFE-A985-4943-8109-86D7DCCFD9D5}"
EndProject
Project("{2150E333-8FDC-42A3-9474-1A3956D46DE8}") = "Solution Items", "Solution Items", "{97E9AE02-115B-42E5-BD7F-66C770A6B6F2}"
	ProjectSection(SolutionItems) = preProject
		Dockerfile = Dockerfile
		README.md = README.md
	EndProjectSection
EndProject
Global
	GlobalSection(SolutionConfigurationPlatforms) = preSolution
		Debug|Any CPU = Debug|Any CPU
		Release|Any CPU = Release|Any CPU
	EndGlobalSection
	GlobalSection(ProjectConfigurationPlatforms) = postSolution
		{AFC7ECFE-A985-4943-8109-86D7DCCFD9D5}.Debug|Any CPU.ActiveCfg = Debug|Any CPU
		{AFC7ECFE-A985-4943-8109-86D7DCCFD9D5}.Debug|Any CPU.Build.0 = Debug|Any CPU
		{AFC7ECFE-A985-4943-8109-86D7DCCFD9D5}.Release|Any CPU.ActiveCfg = Release|Any CPU
		{AFC7ECFE-A985-4943-8109-86D7DCCFD9D5}.Release|Any CPU.Build.0 = Release|Any CPU
	EndGlobalSection
	GlobalSection(SolutionProperties) = preSolution
		HideSolutionNode = FALSE
	EndGlobalSection
	GlobalSection(ExtensibilityGlobals) = postSolution
		SolutionGuid = {DEEC939E-69A2-41DE-BFB8-1325A2D59A49}
	EndGlobalSection
EndGlobal
